
Microsoft Visual Studio Solution File, Format Version 12.00
# Visual Studio 2012
Project("{2150E333-8FDC-42A3-9474-1A3956D46DE8}") = "Client", "Client", "{A9429FF0-E148-4AB2-94C6-3E50C7158886}"
EndProject
Project("{2150E333-8FDC-42A3-9474-1A3956D46DE8}") = "Server", "Server", "{7B46E8F6-5F94-484F-B8AC-0ADA5353010C}"
EndProject
Project("{FAE04EC0-301F-11D3-BF4B-00C04F79EFBC}") = "Client.SDK", "Client.SDK\Client.SDK\Client.SDK.csproj", "{4AC709B2-BC6A-452E-A47C-B1E3DCEB18FB}"
EndProject
Project("{FAE04EC0-301F-11D3-BF4B-00C04F79EFBC}") = "Server.SDK", "Server.SDK\Server.SDK\Server.SDK.csproj", "{B958ECE7-A0D2-400E-A9EB-B9C8E9E82E30}"
EndProject
Project("{FAE04EC0-301F-11D3-BF4B-00C04F79EFBC}") = "Shared.SDK", "Shared.SDK\Shared.SDK.csproj", "{0E516A12-F114-4938-9DFA-329AB215A51E}"
EndProject
Project("{FAE04EC0-301F-11D3-BF4B-00C04F79EFBC}") = "Server.SDK.Tests", "Server.SDK\Server.SDK.Tests\Server.SDK.Tests.csproj", "{621F54F7-E18C-40A6-8A46-48B29549466E}"
EndProject
Project("{FAE04EC0-301F-11D3-BF4B-00C04F79EFBC}") = "Client.SDK.Tests", "Client.SDK\Client.SDK.Tests\Client.SDK.Tests.csproj", "{9C137B9E-4516-4A91-AB0C-4062A84BA85D}"
EndProject
Global
	GlobalSection(SolutionConfigurationPlatforms) = preSolution
		Debug|Any CPU = Debug|Any CPU
		Release|Any CPU = Release|Any CPU
	EndGlobalSection
	GlobalSection(ProjectConfigurationPlatforms) = postSolution
		{4AC709B2-BC6A-452E-A47C-B1E3DCEB18FB}.Debug|Any CPU.ActiveCfg = Debug|Any CPU
		{4AC709B2-BC6A-452E-A47C-B1E3DCEB18FB}.Debug|Any CPU.Build.0 = Debug|Any CPU
		{4AC709B2-BC6A-452E-A47C-B1E3DCEB18FB}.Release|Any CPU.ActiveCfg = Release|Any CPU
		{4AC709B2-BC6A-452E-A47C-B1E3DCEB18FB}.Release|Any CPU.Build.0 = Release|Any CPU
		{B958ECE7-A0D2-400E-A9EB-B9C8E9E82E30}.Debug|Any CPU.ActiveCfg = Debug|Any CPU
		{B958ECE7-A0D2-400E-A9EB-B9C8E9E82E30}.Debug|Any CPU.Build.0 = Debug|Any CPU
		{B958ECE7-A0D2-400E-A9EB-B9C8E9E82E30}.Release|Any CPU.ActiveCfg = Release|Any CPU
		{B958ECE7-A0D2-400E-A9EB-B9C8E9E82E30}.Release|Any CPU.Build.0 = Release|Any CPU
		{0E516A12-F114-4938-9DFA-329AB215A51E}.Debug|Any CPU.ActiveCfg = Debug|Any CPU
		{0E516A12-F114-4938-9DFA-329AB215A51E}.Debug|Any CPU.Build.0 = Debug|Any CPU
		{0E516A12-F114-4938-9DFA-329AB215A51E}.Release|Any CPU.ActiveCfg = Release|Any CPU
		{0E516A12-F114-4938-9DFA-329AB215A51E}.Release|Any CPU.Build.0 = Release|Any CPU
		{621F54F7-E18C-40A6-8A46-48B29549466E}.Debug|Any CPU.ActiveCfg = Debug|Any CPU
		{621F54F7-E18C-40A6-8A46-48B29549466E}.Debug|Any CPU.Build.0 = Debug|Any CPU
		{621F54F7-E18C-40A6-8A46-48B29549466E}.Release|Any CPU.ActiveCfg = Release|Any CPU
		{621F54F7-E18C-40A6-8A46-48B29549466E}.Release|Any CPU.Build.0 = Release|Any CPU
		{9C137B9E-4516-4A91-AB0C-4062A84BA85D}.Debug|Any CPU.ActiveCfg = Debug|Any CPU
		{9C137B9E-4516-4A91-AB0C-4062A84BA85D}.Debug|Any CPU.Build.0 = Debug|Any CPU
		{9C137B9E-4516-4A91-AB0C-4062A84BA85D}.Release|Any CPU.ActiveCfg = Release|Any CPU
		{9C137B9E-4516-4A91-AB0C-4062A84BA85D}.Release|Any CPU.Build.0 = Release|Any CPU
	EndGlobalSection
	GlobalSection(NestedProjects) = preSolution
		{4AC709B2-BC6A-452E-A47C-B1E3DCEB18FB} = {A9429FF0-E148-4AB2-94C6-3E50C7158886}
		{B958ECE7-A0D2-400E-A9EB-B9C8E9E82E30} = {7B46E8F6-5F94-484F-B8AC-0ADA5353010C}
		{621F54F7-E18C-40A6-8A46-48B29549466E} = {7B46E8F6-5F94-484F-B8AC-0ADA5353010C}
		{9C137B9E-4516-4A91-AB0C-4062A84BA85D} = {A9429FF0-E148-4AB2-94C6-3E50C7158886}
	EndGlobalSection
EndGlobal
